// !$*UTF8*$!
{
	archiveVersion = 1;
	classes = {
	};
	objectVersion = 77;
	objects = {

/* Begin PBXBuildFile section */
		B34114A32D8F14AD00C05F4A /* sdk.framework in Frameworks */ = {isa = PBXBuildFile; fileRef = B34114982D8F14AD00C05F4A /* sdk.framework */; };
		B341150E2D8F9D5000C05F4A /* AudioToolbox.framework in Frameworks */ = {isa = PBXBuildFile; fileRef = B341150D2D8F9D5000C05F4A /* AudioToolbox.framework */; };
		B34115102D8F9D5C00C05F4A /* VideoToolbox.framework in Frameworks */ = {isa = PBXBuildFile; fileRef = B341150F2D8F9D5C00C05F4A /* VideoToolbox.framework */; };
		B34115122D8F9D6800C05F4A /* Network.framework in Frameworks */ = {isa = PBXBuildFile; fileRef = B34115112D8F9D6800C05F4A /* Network.framework */; };
		B3DA71BD2E53260C00FFB4F4 /* Starscream in Frameworks */ = {isa = PBXBuildFile; productRef = B3DA71BC2E53260C00FFB4F4 /* Starscream */; };
		B3DA71CC2E654A3D00FFB4F4 /* .gitignore in Resources */ = {isa = PBXBuildFile; fileRef = B3DA71CB2E654A1100FFB4F4 /* .gitignore */; };
		B3DA71CE2E654AFB00FFB4F4 /* README.md in Resources */ = {isa = PBXBuildFile; fileRef = B3DA71CD2E654AF500FFB4F4 /* README.md */; };
		B3F804F12E4F069700B858F3 /* WebRTC.xcframework in Frameworks */ = {isa = PBXBuildFile; fileRef = B3F804F02E4F069700B858F3 /* WebRTC.xcframework */; };
/* End PBXBuildFile section */

/* Begin PBXContainerItemProxy section */
		B34114A42D8F14AD00C05F4A /* PBXContainerItemProxy */ = {
			isa = PBXContainerItemProxy;
			containerPortal = B341148F2D8F14AD00C05F4A /* Project object */;
			proxyType = 1;
			remoteGlobalIDString = B34114972D8F14AD00C05F4A;
			remoteInfo = sdk;
		};
/* End PBXContainerItemProxy section */

/* Begin PBXFileReference section */
		B34114982D8F14AD00C05F4A /* sdk.framework */ = {isa = PBXFileReference; explicitFileType = wrapper.framework; includeInIndex = 0; path = sdk.framework; sourceTree = BUILT_PRODUCTS_DIR; };
		B34114A22D8F14AD00C05F4A /* sdkTests.xctest */ = {isa = PBXFileReference; explicitFileType = wrapper.cfbundle; includeInIndex = 0; path = sdkTests.xctest; sourceTree = BUILT_PRODUCTS_DIR; };
		B341150D2D8F9D5000C05F4A /* AudioToolbox.framework */ = {isa = PBXFileReference; lastKnownFileType = wrapper.framework; name = AudioToolbox.framework; path = Platforms/MacOSX.platform/Developer/SDKs/MacOSX15.2.sdk/System/Library/Frameworks/AudioToolbox.framework; sourceTree = DEVELOPER_DIR; };
		B341150F2D8F9D5C00C05F4A /* VideoToolbox.framework */ = {isa = PBXFileReference; lastKnownFileType = wrapper.framework; name = VideoToolbox.framework; path = Platforms/MacOSX.platform/Developer/SDKs/MacOSX15.2.sdk/System/Library/Frameworks/VideoToolbox.framework; sourceTree = DEVELOPER_DIR; };
		B34115112D8F9D6800C05F4A /* Network.framework */ = {isa = PBXFileReference; lastKnownFileType = wrapper.framework; name = Network.framework; path = Platforms/MacOSX.platform/Developer/SDKs/MacOSX15.2.sdk/System/Library/Frameworks/Network.framework; sourceTree = DEVELOPER_DIR; };
		B3DA71CB2E654A1100FFB4F4 /* .gitignore */ = {isa = PBXFileReference; lastKnownFileType = text; path = .gitignore; sourceTree = "<group>"; };
		B3DA71CD2E654AF500FFB4F4 /* README.md */ = {isa = PBXFileReference; lastKnownFileType = net.daringfireball.markdown; path = README.md; sourceTree = "<group>"; };
		B3F804F02E4F069700B858F3 /* WebRTC.xcframework */ = {isa = PBXFileReference; lastKnownFileType = wrapper.xcframework; path = WebRTC.xcframework; sourceTree = "<group>"; };
/* End PBXFileReference section */

/* Begin PBXFileSystemSynchronizedRootGroup section */
		B341149A2D8F14AD00C05F4A /* sdk */ = {
			isa = PBXFileSystemSynchronizedRootGroup;
			path = sdk;
			sourceTree = "<group>";
		};
		B34114A62D8F14AD00C05F4A /* sdkTests */ = {
			isa = PBXFileSystemSynchronizedRootGroup;
			path = sdkTests;
			sourceTree = "<group>";
		};
/* End PBXFileSystemSynchronizedRootGroup section */

/* Begin PBXFrameworksBuildPhase section */
		B34114952D8F14AD00C05F4A /* Frameworks */ = {
			isa = PBXFrameworksBuildPhase;
			buildActionMask = 2147483647;
			files = (
				B3F804F12E4F069700B858F3 /* WebRTC.xcframework in Frameworks */,
				B341150E2D8F9D5000C05F4A /* AudioToolbox.framework in Frameworks */,
				B34115102D8F9D5C00C05F4A /* VideoToolbox.framework in Frameworks */,
				B3DA71BD2E53260C00FFB4F4 /* Starscream in Frameworks */,
				B34115122D8F9D6800C05F4A /* Network.framework in Frameworks */,
			);
			runOnlyForDeploymentPostprocessing = 0;
		};
		B341149F2D8F14AD00C05F4A /* Frameworks */ = {
			isa = PBXFrameworksBuildPhase;
			buildActionMask = 2147483647;
			files = (
				B34114A32D8F14AD00C05F4A /* sdk.framework in Frameworks */,
			);
			runOnlyForDeploymentPostprocessing = 0;
		};
/* End PBXFrameworksBuildPhase section */

/* Begin PBXGroup section */
		B341148E2D8F14AD00C05F4A = {
			isa = PBXGroup;
			children = (
				B3DA71CD2E654AF500FFB4F4 /* README.md */,
				B3DA71CB2E654A1100FFB4F4 /* .gitignore */,
				B3F804F02E4F069700B858F3 /* WebRTC.xcframework */,
				B341149A2D8F14AD00C05F4A /* sdk */,
				B34114A62D8F14AD00C05F4A /* sdkTests */,
				B341150C2D8F9D5000C05F4A /* Frameworks */,
				B34114992D8F14AD00C05F4A /* Products */,
			);
			sourceTree = "<group>";
		};
		B34114992D8F14AD00C05F4A /* Products */ = {
			isa = PBXGroup;
			children = (
				B34114982D8F14AD00C05F4A /* sdk.framework */,
				B34114A22D8F14AD00C05F4A /* sdkTests.xctest */,
			);
			name = Products;
			sourceTree = "<group>";
		};
		B341150C2D8F9D5000C05F4A /* Frameworks */ = {
			isa = PBXGroup;
			children = (
				B34115112D8F9D6800C05F4A /* Network.framework */,
				B341150F2D8F9D5C00C05F4A /* VideoToolbox.framework */,
				B341150D2D8F9D5000C05F4A /* AudioToolbox.framework */,
			);
			name = Frameworks;
			sourceTree = "<group>";
		};
/* End PBXGroup section */

/* Begin PBXHeadersBuildPhase section */
		B34114932D8F14AD00C05F4A /* Headers */ = {
			isa = PBXHeadersBuildPhase;
			buildActionMask = 2147483647;
			files = (
			);
			runOnlyForDeploymentPostprocessing = 0;
		};
/* End PBXHeadersBuildPhase section */

/* Begin PBXNativeTarget section */
		B34114972D8F14AD00C05F4A /* sdk */ = {
			isa = PBXNativeTarget;
			buildConfigurationList = B34114AB2D8F14AD00C05F4A /* Build configuration list for PBXNativeTarget "sdk" */;
			buildPhases = (
				B34114932D8F14AD00C05F4A /* Headers */,
				B34114942D8F14AD00C05F4A /* Sources */,
				B34114952D8F14AD00C05F4A /* Frameworks */,
				B34114962D8F14AD00C05F4A /* Resources */,
			);
			buildRules = (
			);
			dependencies = (
			);
			fileSystemSynchronizedGroups = (
				B341149A2D8F14AD00C05F4A /* sdk */,
			);
			name = sdk;
			packageProductDependencies = (
				B3DA71BC2E53260C00FFB4F4 /* Starscream */,
			);
			productName = sdk;
			productReference = B34114982D8F14AD00C05F4A /* sdk.framework */;
			productType = "com.apple.product-type.framework";
		};
		B34114A12D8F14AD00C05F4A /* sdkTests */ = {
			isa = PBXNativeTarget;
			buildConfigurationList = B34114B02D8F14AD00C05F4A /* Build configuration list for PBXNativeTarget "sdkTests" */;
			buildPhases = (
				B341149E2D8F14AD00C05F4A /* Sources */,
				B341149F2D8F14AD00C05F4A /* Frameworks */,
				B34114A02D8F14AD00C05F4A /* Resources */,
			);
			buildRules = (
			);
			dependencies = (
				B34114A52D8F14AD00C05F4A /* PBXTargetDependency */,
			);
			fileSystemSynchronizedGroups = (
				B34114A62D8F14AD00C05F4A /* sdkTests */,
			);
			name = sdkTests;
			packageProductDependencies = (
			);
			productName = sdkTests;
			productReference = B34114A22D8F14AD00C05F4A /* sdkTests.xctest */;
			productType = "com.apple.product-type.bundle.unit-test";
		};
/* End PBXNativeTarget section */

/* Begin PBXProject section */
		B341148F2D8F14AD00C05F4A /* Project object */ = {
			isa = PBXProject;
			attributes = {
				BuildIndependentTargetsInParallel = 1;
				LastSwiftUpdateCheck = 1620;
				LastUpgradeCheck = 1620;
				TargetAttributes = {
					B34114972D8F14AD00C05F4A = {
						CreatedOnToolsVersion = 16.2;
						LastSwiftMigration = 1620;
					};
					B34114A12D8F14AD00C05F4A = {
						CreatedOnToolsVersion = 16.2;
					};
				};
			};
			buildConfigurationList = B34114922D8F14AD00C05F4A /* Build configuration list for PBXProject "sdk" */;
			developmentRegion = en;
			hasScannedForEncodings = 0;
			knownRegions = (
				en,
				Base,
			);
			mainGroup = B341148E2D8F14AD00C05F4A;
			minimizedProjectReferenceProxies = 1;
			packageReferences = (
				B3DA71BB2E5325E800FFB4F4 /* XCRemoteSwiftPackageReference "Starscream" */,
			);
			preferredProjectObjectVersion = 77;
			productRefGroup = B34114992D8F14AD00C05F4A /* Products */;
			projectDirPath = "";
			projectRoot = "";
			targets = (
				B34114972D8F14AD00C05F4A /* sdk */,
				B34114A12D8F14AD00C05F4A /* sdkTests */,
			);
		};
/* End PBXProject section */

/* Begin PBXResourcesBuildPhase section */
		B34114962D8F14AD00C05F4A /* Resources */ = {
			isa = PBXResourcesBuildPhase;
			buildActionMask = 2147483647;
			files = (
				B3DA71CE2E654AFB00FFB4F4 /* README.md in Resources */,
				B3DA71CC2E654A3D00FFB4F4 /* .gitignore in Resources */,
			);
			runOnlyForDeploymentPostprocessing = 0;
		};
		B34114A02D8F14AD00C05F4A /* Resources */ = {
			isa = PBXResourcesBuildPhase;
			buildActionMask = 2147483647;
			files = (
			);
			runOnlyForDeploymentPostprocessing = 0;
		};
/* End PBXResourcesBuildPhase section */

/* Begin PBXSourcesBuildPhase section */
		B34114942D8F14AD00C05F4A /* Sources */ = {
			isa = PBXSourcesBuildPhase;
			buildActionMask = 2147483647;
			files = (
			);
			runOnlyForDeploymentPostprocessing = 0;
		};
		B341149E2D8F14AD00C05F4A /* Sources */ = {
			isa = PBXSourcesBuildPhase;
			buildActionMask = 2147483647;
			files = (
			);
			runOnlyForDeploymentPostprocessing = 0;
		};
/* End PBXSourcesBuildPhase section */

/* Begin PBXTargetDependency section */
		B34114A52D8F14AD00C05F4A /* PBXTargetDependency */ = {
			isa = PBXTargetDependency;
			target = B34114972D8F14AD00C05F4A /* sdk */;
			targetProxy = B34114A42D8F14AD00C05F4A /* PBXContainerItemProxy */;
		};
/* End PBXTargetDependency section */

/* Begin XCBuildConfiguration section */
		B34114AC2D8F14AD00C05F4A /* Debug */ = {
			isa = XCBuildConfiguration;
			buildSettings = {
				BUILD_LIBRARY_FOR_DISTRIBUTION = YES;
				CLANG_ENABLE_MODULES = YES;
				CODE_SIGN_IDENTITY = "Apple Development";
				CODE_SIGN_STYLE = Automatic;
				CURRENT_PROJECT_VERSION = 1;
				DEFINES_MODULE = YES;
				DEVELOPMENT_TEAM = FTJHJ3TNSR;
				DYLIB_COMPATIBILITY_VERSION = 1;
				DYLIB_CURRENT_VERSION = 1;
				DYLIB_INSTALL_NAME_BASE = "@rpath";
				ENABLE_MODULE_VERIFIER = YES;
				GENERATE_INFOPLIST_FILE = YES;
				INFOPLIST_KEY_NSHumanReadableCopyright = "";
				INSTALL_PATH = "$(LOCAL_LIBRARY_DIR)/Frameworks";
				LD_RUNPATH_SEARCH_PATHS = (
					"$(inherited)",
					"@executable_path/Frameworks",
					"@loader_path/Frameworks",
				);
				MARKETING_VERSION = 1.0;
				MODULE_VERIFIER_SUPPORTED_LANGUAGES = "objective-c objective-c++";
				MODULE_VERIFIER_SUPPORTED_LANGUAGE_STANDARDS = "gnu17 gnu++20";
				OTHER_LDFLAGS = "-all_load";
				PRODUCT_BUNDLE_IDENTIFIER = one.dugon.sdk;
				PRODUCT_NAME = "$(TARGET_NAME:c99extidentifier)";
				PROVISIONING_PROFILE_SPECIFIER = "";
				SKIP_INSTALL = YES;
				SWIFT_EMIT_LOC_STRINGS = YES;
				SWIFT_INSTALL_OBJC_HEADER = NO;
				SWIFT_OBJC_INTEROP_MODE = objcxx;
				SWIFT_OPTIMIZATION_LEVEL = "-Onone";
				SWIFT_VERSION = 5.0;
				TARGETED_DEVICE_FAMILY = "1,2";
			};
			name = Debug;
		};
		B34114AD2D8F14AD00C05F4A /* Release */ = {
			isa = XCBuildConfiguration;
			buildSettings = {
				BUILD_LIBRARY_FOR_DISTRIBUTION = YES;
				CLANG_ENABLE_MODULES = YES;
				CODE_SIGN_IDENTITY = "Apple Development";
				CODE_SIGN_STYLE = Automatic;
				CURRENT_PROJECT_VERSION = 1;
				DEFINES_MODULE = YES;
				DEVELOPMENT_TEAM = FTJHJ3TNSR;
				DYLIB_COMPATIBILITY_VERSION = 1;
				DYLIB_CURRENT_VERSION = 1;
				DYLIB_INSTALL_NAME_BASE = "@rpath";
				ENABLE_MODULE_VERIFIER = YES;
				GENERATE_INFOPLIST_FILE = YES;
				INFOPLIST_KEY_NSHumanReadableCopyright = "";
				INSTALL_PATH = "$(LOCAL_LIBRARY_DIR)/Frameworks";
				LD_RUNPATH_SEARCH_PATHS = (
					"$(inherited)",
					"@executable_path/Frameworks",
					"@loader_path/Frameworks",
				);
				MARKETING_VERSION = 1.0;
				MODULE_VERIFIER_SUPPORTED_LANGUAGES = "objective-c objective-c++";
				MODULE_VERIFIER_SUPPORTED_LANGUAGE_STANDARDS = "gnu17 gnu++20";
				OTHER_LDFLAGS = "-all_load";
				PRODUCT_BUNDLE_IDENTIFIER = one.dugon.sdk;
				PRODUCT_NAME = "$(TARGET_NAME:c99extidentifier)";
				PROVISIONING_PROFILE_SPECIFIER = "";
				SKIP_INSTALL = YES;
				SWIFT_EMIT_LOC_STRINGS = YES;
				SWIFT_INSTALL_OBJC_HEADER = NO;
				SWIFT_OBJC_INTEROP_MODE = objcxx;
				SWIFT_VERSION = 5.0;
				TARGETED_DEVICE_FAMILY = "1,2";
			};
			name = Release;
		};
		B34114AE2D8F14AD00C05F4A /* Debug */ = {
			isa = XCBuildConfiguration;
			buildSettings = {
				ALWAYS_SEARCH_USER_PATHS = NO;
				ASSETCATALOG_COMPILER_GENERATE_SWIFT_ASSET_SYMBOL_EXTENSIONS = YES;
				CLANG_ANALYZER_NONNULL = YES;
				CLANG_ANALYZER_NUMBER_OBJECT_CONVERSION = YES_AGGRESSIVE;
				CLANG_CXX_LANGUAGE_STANDARD = "gnu++20";
				CLANG_ENABLE_MODULES = YES;
				CLANG_ENABLE_OBJC_ARC = YES;
				CLANG_ENABLE_OBJC_WEAK = YES;
				CLANG_WARN_BLOCK_CAPTURE_AUTORELEASING = YES;
				CLANG_WARN_BOOL_CONVERSION = YES;
				CLANG_WARN_COMMA = YES;
				CLANG_WARN_CONSTANT_CONVERSION = YES;
				CLANG_WARN_DEPRECATED_OBJC_IMPLEMENTATIONS = YES;
				CLANG_WARN_DIRECT_OBJC_ISA_USAGE = YES_ERROR;
				CLANG_WARN_DOCUMENTATION_COMMENTS = YES;
				CLANG_WARN_EMPTY_BODY = YES;
				CLANG_WARN_ENUM_CONVERSION = YES;
				CLANG_WARN_INFINITE_RECURSION = YES;
				CLANG_WARN_INT_CONVERSION = YES;
				CLANG_WARN_NON_LITERAL_NULL_CONVERSION = YES;
				CLANG_WARN_OBJC_IMPLICIT_RETAIN_SELF = YES;
				CLANG_WARN_OBJC_LITERAL_CONVERSION = YES;
				CLANG_WARN_OBJC_ROOT_CLASS = YES_ERROR;
				CLANG_WARN_QUOTED_INCLUDE_IN_FRAMEWORK_HEADER = YES;
				CLANG_WARN_RANGE_LOOP_ANALYSIS = YES;
				CLANG_WARN_STRICT_PROTOTYPES = YES;
				CLANG_WARN_SUSPICIOUS_MOVE = YES;
				CLANG_WARN_UNGUARDED_AVAILABILITY = YES_AGGRESSIVE;
				CLANG_WARN_UNREACHABLE_CODE = YES;
				CLANG_WARN__DUPLICATE_METHOD_MATCH = YES;
				COPY_PHASE_STRIP = NO;
				CURRENT_PROJECT_VERSION = 1;
				DEBUG_INFORMATION_FORMAT = dwarf;
				ENABLE_STRICT_OBJC_MSGSEND = YES;
				ENABLE_TESTABILITY = YES;
				ENABLE_USER_SCRIPT_SANDBOXING = YES;
				GCC_C_LANGUAGE_STANDARD = gnu17;
				GCC_DYNAMIC_NO_PIC = NO;
				GCC_NO_COMMON_BLOCKS = YES;
				GCC_OPTIMIZATION_LEVEL = 0;
				GCC_PREPROCESSOR_DEFINITIONS = (
					"DEBUG=1",
					"$(inherited)",
				);
				GCC_WARN_64_TO_32_BIT_CONVERSION = YES;
				GCC_WARN_ABOUT_RETURN_TYPE = YES_ERROR;
				GCC_WARN_UNDECLARED_SELECTOR = YES;
				GCC_WARN_UNINITIALIZED_AUTOS = YES_AGGRESSIVE;
				GCC_WARN_UNUSED_FUNCTION = YES;
				GCC_WARN_UNUSED_VARIABLE = YES;
				IPHONEOS_DEPLOYMENT_TARGET = 18.2;
				LOCALIZATION_PREFERS_STRING_CATALOGS = YES;
				MTL_ENABLE_DEBUG_INFO = INCLUDE_SOURCE;
				MTL_FAST_MATH = YES;
				ONLY_ACTIVE_ARCH = YES;
				SDKROOT = iphoneos;
				SWIFT_ACTIVE_COMPILATION_CONDITIONS = "DEBUG $(inherited)";
				SWIFT_OPTIMIZATION_LEVEL = "-Onone";
				VERSIONING_SYSTEM = "apple-generic";
				VERSION_INFO_PREFIX = "";
			};
			name = Debug;
		};
		B34114AF2D8F14AD00C05F4A /* Release */ = {
			isa = XCBuildConfiguration;
			buildSettings = {
				ALWAYS_SEARCH_USER_PATHS = NO;
				ASSETCATALOG_COMPILER_GENERATE_SWIFT_ASSET_SYMBOL_EXTENSIONS = YES;
				CLANG_ANALYZER_NONNULL = YES;
				CLANG_ANALYZER_NUMBER_OBJECT_CONVERSION = YES_AGGRESSIVE;
				CLANG_CXX_LANGUAGE_STANDARD = "gnu++20";
				CLANG_ENABLE_MODULES = YES;
				CLANG_ENABLE_OBJC_ARC = YES;
				CLANG_ENABLE_OBJC_WEAK = YES;
				CLANG_WARN_BLOCK_CAPTURE_AUTORELEASING = YES;
				CLANG_WARN_BOOL_CONVERSION = YES;
				CLANG_WARN_COMMA = YES;
				CLANG_WARN_CONSTANT_CONVERSION = YES;
				CLANG_WARN_DEPRECATED_OBJC_IMPLEMENTATIONS = YES;
				CLANG_WARN_DIRECT_OBJC_ISA_USAGE = YES_ERROR;
				CLANG_WARN_DOCUMENTATION_COMMENTS = YES;
				CLANG_WARN_EMPTY_BODY = YES;
				CLANG_WARN_ENUM_CONVERSION = YES;
				CLANG_WARN_INFINITE_RECURSION = YES;
				CLANG_WARN_INT_CONVERSION = YES;
				CLANG_WARN_NON_LITERAL_NULL_CONVERSION = YES;
				CLANG_WARN_OBJC_IMPLICIT_RETAIN_SELF = YES;
				CLANG_WARN_OBJC_LITERAL_CONVERSION = YES;
				CLANG_WARN_OBJC_ROOT_CLASS = YES_ERROR;
				CLANG_WARN_QUOTED_INCLUDE_IN_FRAMEWORK_HEADER = YES;
				CLANG_WARN_RANGE_LOOP_ANALYSIS = YES;
				CLANG_WARN_STRICT_PROTOTYPES = YES;
				CLANG_WARN_SUSPICIOUS_MOVE = YES;
				CLANG_WARN_UNGUARDED_AVAILABILITY = YES_AGGRESSIVE;
				CLANG_WARN_UNREACHABLE_CODE = YES;
				CLANG_WARN__DUPLICATE_METHOD_MATCH = YES;
				COPY_PHASE_STRIP = NO;
				CURRENT_PROJECT_VERSION = 1;
				DEBUG_INFORMATION_FORMAT = "dwarf-with-dsym";
				ENABLE_NS_ASSERTIONS = NO;
				ENABLE_STRICT_OBJC_MSGSEND = YES;
				ENABLE_USER_SCRIPT_SANDBOXING = YES;
				GCC_C_LANGUAGE_STANDARD = gnu17;
				GCC_NO_COMMON_BLOCKS = YES;
				GCC_WARN_64_TO_32_BIT_CONVERSION = YES;
				GCC_WARN_ABOUT_RETURN_TYPE = YES_ERROR;
				GCC_WARN_UNDECLARED_SELECTOR = YES;
				GCC_WARN_UNINITIALIZED_AUTOS = YES_AGGRESSIVE;
				GCC_WARN_UNUSED_FUNCTION = YES;
				GCC_WARN_UNUSED_VARIABLE = YES;
				IPHONEOS_DEPLOYMENT_TARGET = 18.2;
				LOCALIZATION_PREFERS_STRING_CATALOGS = YES;
				MTL_ENABLE_DEBUG_INFO = NO;
				MTL_FAST_MATH = YES;
				SDKROOT = iphoneos;
				SWIFT_COMPILATION_MODE = wholemodule;
				VALIDATE_PRODUCT = YES;
				VERSIONING_SYSTEM = "apple-generic";
				VERSION_INFO_PREFIX = "";
			};
			name = Release;
		};
		B34114B12D8F14AD00C05F4A /* Debug */ = {
			isa = XCBuildConfiguration;
			buildSettings = {
				CODE_SIGN_STYLE = Automatic;
				CURRENT_PROJECT_VERSION = 1;
				DEVELOPMENT_TEAM = FTJHJ3TNSR;
				GENERATE_INFOPLIST_FILE = YES;
				MARKETING_VERSION = 1.0;
				PRODUCT_BUNDLE_IDENTIFIER = one.dugon.sdkTests;
				PRODUCT_NAME = "$(TARGET_NAME)";
				SWIFT_EMIT_LOC_STRINGS = NO;
				SWIFT_VERSION = 5.0;
				TARGETED_DEVICE_FAMILY = "1,2";
			};
			name = Debug;
		};
		B34114B22D8F14AD00C05F4A /* Release */ = {
			isa = XCBuildConfiguration;
			buildSettings = {
				CODE_SIGN_STYLE = Automatic;
				CURRENT_PROJECT_VERSION = 1;
				DEVELOPMENT_TEAM = FTJHJ3TNSR;
				GENERATE_INFOPLIST_FILE = YES;
				MARKETING_VERSION = 1.0;
				PRODUCT_BUNDLE_IDENTIFIER = one.dugon.sdkTests;
				PRODUCT_NAME = "$(TARGET_NAME)";
				SWIFT_EMIT_LOC_STRINGS = NO;
				SWIFT_VERSION = 5.0;
				TARGETED_DEVICE_FAMILY = "1,2";
			};
			name = Release;
		};
/* End XCBuildConfiguration section */

/* Begin XCConfigurationList section */
		B34114922D8F14AD00C05F4A /* Build configuration list for PBXProject "sdk" */ = {
			isa = XCConfigurationList;
			buildConfigurations = (
				B34114AE2D8F14AD00C05F4A /* Debug */,
				B34114AF2D8F14AD00C05F4A /* Release */,
			);
			defaultConfigurationIsVisible = 0;
			defaultConfigurationName = Release;
		};
		B34114AB2D8F14AD00C05F4A /* Build configuration list for PBXNativeTarget "sdk" */ = {
			isa = XCConfigurationList;
			buildConfigurations = (
				B34114AC2D8F14AD00C05F4A /* Debug */,
				B34114AD2D8F14AD00C05F4A /* Release */,
			);
			defaultConfigurationIsVisible = 0;
			defaultConfigurationName = Release;
		};
		B34114B02D8F14AD00C05F4A /* Build configuration list for PBXNativeTarget "sdkTests" */ = {
			isa = XCConfigurationList;
			buildConfigurations = (
				B34114B12D8F14AD00C05F4A /* Debug */,
				B34114B22D8F14AD00C05F4A /* Release */,
			);
			defaultConfigurationIsVisible = 0;
			defaultConfigurationName = Release;
		};
/* End XCConfigurationList section */

/* Begin XCRemoteSwiftPackageReference section */
		B3DA71BB2E5325E800FFB4F4 /* XCRemoteSwiftPackageReference "Starscream" */ = {
			isa = XCRemoteSwiftPackageReference;
			repositoryURL = "https://github.com/daltoniam/Starscream";
			requirement = {
				kind = upToNextMajorVersion;
				minimumVersion = 4.0.8;
			};
		};
/* End XCRemoteSwiftPackageReference section */

/* Begin XCSwiftPackageProductDependency section */
		B3DA71BC2E53260C00FFB4F4 /* Starscream */ = {
			isa = XCSwiftPackageProductDependency;
			package = B3DA71BB2E5325E800FFB4F4 /* XCRemoteSwiftPackageReference "Starscream" */;
			productName = Starscream;
		};
/* End XCSwiftPackageProductDependency section */
	};
	rootObject = B341148F2D8F14AD00C05F4A /* Project object */;
}
